{
  "version": "5",
  "specifiers": {
    "npm:@types/node@*": "24.2.0",
    "npm:hono@^4.12.27": "4.12.27"
  },
  "npm": {
    "@types/node@24.2.0": {
      "integrity": "sha512-3xyG3pMCq3oYCNg7/ZP+E1ooTaGB4cG8JWRsqqOYQdbWNY4zbaV0Ennrd7stjiJEFZCaybcIgpTjJWHRfBSIDw==",
      "dependencies": [
        "undici-types"
      ]
    },
    "hono@4.12.27": {
      "integrity": "sha512-1yrb/+w6HWQJrUCLkJ2IF5jNIPvvFkblV5RNOYl6bV+OA6p9GLcMpHFFGTosSvHvcAUibuUukRqhlYI4z32C7Q=="
    },
    "undici-types@7.10.0": {
      "integrity": "sha512-t5Fy/nfn+14LuOc2KNYg75vZqClpAiqscVvMygNnlsHBFpSXdJaYtXMcdNLpl/Qvc3P2cB3s6lOV51nqsFq4ag=="
    }
  },
  "redirects": {
    "https://esm.sh/@duckdb/duckdb-wasm": "https://esm.sh/@duckdb/duckdb-wasm@1.33.1-dev57.0",
    "https://esm.sh/@duckdb/node-api": "https://esm.sh/@duckdb/node-api@1.5.4-r.1",
    "https://esm.sh/@duckdb/node-bindings-darwin-arm64/duckdb.node?target=denonext": "https://esm.sh/@duckdb/node-bindings-darwin-arm64@1.5.4-r.1/duckdb.node?target=denonext",
    "https://esm.sh/@duckdb/node-bindings-darwin-x64/duckdb.node?target=denonext": "https://esm.sh/@duckdb/node-bindings-darwin-x64@1.5.4-r.1/duckdb.node?target=denonext",
    "https://esm.sh/@duckdb/node-bindings-linux-arm64-musl/duckdb.node?target=denonext": "https://esm.sh/@duckdb/node-bindings-linux-arm64-musl@1.5.4-r.1/duckdb.node?target=denonext",
    "https://esm.sh/@duckdb/node-bindings-linux-arm64/duckdb.node?target=denonext": "https://esm.sh/@duckdb/node-bindings-linux-arm64@1.5.4-r.1/duckdb.node?target=denonext",
    "https://esm.sh/@duckdb/node-bindings-linux-x64-musl/duckdb.node?target=denonext": "https://esm.sh/@duckdb/node-bindings-linux-x64-musl@1.5.4-r.1/duckdb.node?target=denonext",
    "https://esm.sh/@duckdb/node-bindings-linux-x64/duckdb.node?target=denonext": "https://esm.sh/@duckdb/node-bindings-linux-x64@1.5.4-r.1/duckdb.node?target=denonext",
    "https://esm.sh/@duckdb/node-bindings-win32-arm64/duckdb.node?target=denonext": "https://esm.sh/@duckdb/node-bindings-win32-arm64@1.5.4-r.1/duckdb.node?target=denonext",
    "https://esm.sh/@duckdb/node-bindings-win32-x64/duckdb.node?target=denonext": "https://esm.sh/@duckdb/node-bindings-win32-x64@1.5.4-r.1/duckdb.node?target=denonext",
    "https://esm.sh/@types/emscripten@~0.0.34/index.d.ts": "https://esm.sh/@types/emscripten@0.0.34/index.d.ts",
    "https://esm.sh/apache-arrow@^17.0.0?target=denonext": "https://esm.sh/apache-arrow@17.0.0?target=denonext",
    "https://esm.sh/detect-libc@^2.1.2?target=denonext": "https://esm.sh/detect-libc@2.1.2?target=denonext",
    "https://esm.sh/flatbuffers@^24.3.25?target=denonext": "https://esm.sh/flatbuffers@24.12.23?target=denonext",
    "https://esm.sh/hono@4.12": "https://esm.sh/hono@4.12.27",
    "https://esm.sh/tslib@^2.6.2?target=denonext": "https://esm.sh/tslib@2.8.1?target=denonext"
  },
  "remote": {
    "https://cdn.jsdelivr.net/npm/@duckdb/duckdb-wasm/dist/duckdb-browser-blocking.mjs/+esm": "92a27f4b0bd38ce923ba67807aedf1ac79747cc9e567f26c9c558da17fcfe2a7",
    "https://cdn.jsdelivr.net/npm/@duckdb/duckdb-wasm@1.32.0/dist/duckdb-browser-blocking.mjs/+esm": "f668040f2d15cb380bb7498dbf8a22bbc0e6648d0a42597c4ebbaa16e0f5dca0",
    "https://cdn.jsdelivr.net/npm/apache-arrow@%5E17.0.0/+esm": "2df175d5ca788380f3794ad2afcf86d84eb188c902e90f9cf90f2b3e33913ffc",
    "https://cdn.jsdelivr.net/npm/apache-arrow@17.0.0/+esm": "2df175d5ca788380f3794ad2afcf86d84eb188c902e90f9cf90f2b3e33913ffc",
    "https://cdn.jsdelivr.net/npm/flatbuffers@24.3.25/+esm": "e2e255fa750cc1ba9c2dbae40290cc8cb00a39546c926f86a49164ad1dea308f",
    "https://cdn.jsdelivr.net/npm/tslib@2.6.3/+esm": "65db916f33e14910aeaf428773a17a11f928f6b1a23caf1295c5c79ba36979ba",
    "https://esm.sh/@duckdb/duckdb-wasm@1.33.1-dev57.0": "83790f706616e468c6f041a8ea4cce6c017175783a42f90c64ee9397f9c64252",
    "https://esm.sh/@duckdb/duckdb-wasm@1.33.1-dev57.0/denonext/duckdb-wasm.mjs": "06c138cfd9836101483734782613481d284e2c160a373d07e972cc8de2f648d9",
    "https://esm.sh/@duckdb/node-api@1.5.4-r.1": "415e855629913486e1d1644a906748dcb4a4c86c1445fb66dfab018599b2c098",
    "https://esm.sh/@duckdb/node-api@1.5.4-r.1/denonext/node-api.mjs": "94d5b59f77ee70fb7e9dfa551ef1c4638d2debe542b4988646ea70c8f2a8485a",
    "https://esm.sh/@duckdb/node-bindings@1.5.4-r.1/denonext/node-bindings.mjs": "059fa020d4ada5651599e4ade71042d648c94b71349f9d72cdad0b4ee3e71300",
    "https://esm.sh/apache-arrow@17.0.0/denonext/apache-arrow.mjs": "95bcb1380d0306807f963555d02abd4bc40e5bc2ba933f1b59a02296188215f0",
    "https://esm.sh/apache-arrow@17.0.0?target=denonext": "65d54d76a092f2eba01746aaa2026273dfe6e556909166e2d14eb5134fe69c9a",
    "https://esm.sh/detect-libc@2.1.2/denonext/detect-libc.mjs": "0c6fb379e7311e61b21178c11b21ab1fd45793553f5cfe085275694b1bcd9406",
    "https://esm.sh/detect-libc@2.1.2?target=denonext": "b1ed5e3e4470325af26569aea08ce0aab1ab6d4a2efed817516008ba8ee1cb82",
    "https://esm.sh/flatbuffers@24.12.23/denonext/flatbuffers.mjs": "6baa4b6e8d60d4c7a241436dae6b6d2b511fb81df34a130bd58e5b806be7f11e",
    "https://esm.sh/flatbuffers@24.12.23?target=denonext": "e17a54cf880702e537e72e81a5ade221a678341677c165ae09f8fef5174f24af",
    "https://esm.sh/hono@4.12.27": "338a9ee992fc0df50d44767b5e907853705a9b23fbe456e4bb94a745a33572b1",
    "https://esm.sh/hono@4.12.27/denonext/dist/compose.mjs": "eb9aa48a955633f703a99cc6b14654cab075868823bae1f30a5fe63e221b83c9",
    "https://esm.sh/hono@4.12.27/denonext/dist/context.mjs": "1ace24f756fa8891097a66265457483157fdfc4995eda7245a3b75db432a898c",
    "https://esm.sh/hono@4.12.27/denonext/dist/hono.mjs": "d3afb7d74e1d4c33643fd923b6fa8184ac3baef56be873a8ed57da1e931ef3ae",
    "https://esm.sh/hono@4.12.27/denonext/dist/request/constants.mjs": "f00262ced45def98a5d40f6f8c7b8673b48e2130b0c09f541e7f0deee8d78eb8",
    "https://esm.sh/hono@4.12.27/denonext/dist/utils/body.mjs": "c302394211a953d0d169f6016bebc5809a783ff3d426be1440bc16c3ef18f51c",
    "https://esm.sh/hono@4.12.27/denonext/dist/utils/constants.mjs": "a9ce3e530a3ec2458cc7ea7864957565c9382190089b606db5d6c8cee9708c6b",
    "https://esm.sh/hono@4.12.27/denonext/dist/utils/html.mjs": "0dcf5d608d54f201a936f9013fe7aa48f5afe9b3a06e2acece8aa5bdc7ba6952",
    "https://esm.sh/hono@4.12.27/denonext/dist/utils/url.mjs": "d1e1a1b3fd2d7936e1893dc7b0cd0eaf2da203f4612bbd61d2d33b0c71463b3c",
    "https://esm.sh/hono@4.12.27/denonext/hono-base.mjs": "ac0664ce6f4c3a7fca4ae3eb204f3d9788fffd184ea1d6280d0fe34228c676b9",
    "https://esm.sh/hono@4.12.27/denonext/hono.mjs": "09bd5eb425043e89bfc3d4a3650ceb62421f769c09a3618bd1c6a52e31cd87ba",
    "https://esm.sh/hono@4.12.27/denonext/http-exception.mjs": "005d4687792c748b9c59f864bf9820952490307308b90ddc201bd9651b6b2473",
    "https://esm.sh/hono@4.12.27/denonext/request.mjs": "58a39f24f90ac184e10f308f70d913396461dfde3d56a00098c27d8e118a4b8f",
    "https://esm.sh/hono@4.12.27/denonext/router.mjs": "b3d81ec8d8d1d5656922a1efe4e4cbe732e9567ae64e687b63fbc05e01b76698",
    "https://esm.sh/hono@4.12.27/denonext/router/reg-exp-router.mjs": "091c1d3ac14a8e2f4535e25006b4c229f87537bbb24fbd6249d7f3a46b5a091f",
    "https://esm.sh/hono@4.12.27/denonext/router/smart-router.mjs": "7947869a5e275470063e92b489d0a5b0f04e1a67e2ef5b06bd725893421956d1",
    "https://esm.sh/hono@4.12.27/denonext/router/trie-router.mjs": "5e97b2ea6b71663afa175d0d5ba63636a1cc73777d0f5c749f787c385daab141",
    "https://esm.sh/tslib@2.8.1/denonext/tslib.mjs": "c38da5dd6da6281964435002ce204cd586634fe3bdfb24a0ee116f48cf3292e9",
    "https://esm.sh/tslib@2.8.1?target=denonext": "a89cbf082a0ad54e87ea85d75e6d5492b3e2ff0c5de9e3e478206a015b3f3992"
  },
  "workspace": {
    "dependencies": [
      "npm:hono@^4.12.27"
    ],
    "packageJson": {
      "dependencies": [
        "npm:hono@^4.12.27"
      ]
    }
  }
}
